
Microsoft Visual Studio Solution File, Format Version 11.00
# Visual Studio 2010
Project("{FAE04EC0-301F-11D3-BF4B-00C04F79EFBC}") = "Assembly-CSharp", "Assembly-CSharp.csproj", "{EDE4927D-4089-DC5A-9A15-7682775028B9}"
EndProject
Project("{FAE04EC0-301F-11D3-BF4B-00C04F79EFBC}") = "Assembly-CSharp-Editor", "Assembly-CSharp-Editor.csproj", "{91B71A1C-51E9-CC78-00C5-DB20112F5337}"
EndProject
Global
	GlobalSection(SolutionConfigurationPlatforms) = preSolution
		Debug|Any CPU = Debug|Any CPU
		Release|Any CPU = Release|Any CPU
	EndGlobalSection
	GlobalSection(ProjectConfigurationPlatforms) = postSolution
		{EDE4927D-4089-DC5A-9A15-7682775028B9}.Debug|Any CPU.ActiveCfg = Debug|Any CPU
		{EDE4927D-4089-DC5A-9A15-7682775028B9}.Debug|Any CPU.Build.0 = Debug|Any CPU
		{EDE4927D-4089-DC5A-9A15-7682775028B9}.Release|Any CPU.ActiveCfg = Release|Any CPU
		{EDE4927D-4089-DC5A-9A15-7682775028B9}.Release|Any CPU.Build.0 = Release|Any CPU
		{91B71A1C-51E9-CC78-00C5-DB20112F5337}.Debug|Any CPU.ActiveCfg = Debug|Any CPU
		{91B71A1C-51E9-CC78-00C5-DB20112F5337}.Debug|Any CPU.Build.0 = Debug|Any CPU
		{91B71A1C-51E9-CC78-00C5-DB20112F5337}.Release|Any CPU.ActiveCfg = Release|Any CPU
		{91B71A1C-51E9-CC78-00C5-DB20112F5337}.Release|Any CPU.Build.0 = Release|Any CPU
	EndGlobalSection
	GlobalSection(SolutionProperties) = preSolution
		HideSolutionNode = FALSE
	EndGlobalSection
	GlobalSection(MonoDevelopProperties) = preSolution
		StartupItem = Assembly-CSharp.csproj
	EndGlobalSection
EndGlobal
